
Microsoft Visual Studio Solution File, Format Version 12.00
# Visual Studio Version 16
VisualStudioVersion = 16.0.29009.5
MinimumVisualStudioVersion = 10.0.40219.1
Project("{FAE04EC0-301F-11D3-BF4B-00C04F79EFBC}") = "PossibleCalculations", "PossibleCalculations\PossibleCalculations.csproj", "{C4C6268D-338B-44F4-85EA-B39907DF8829}"
EndProject
Global
	GlobalSection(SolutionConfigurationPlatforms) = preSolution
		Debug|Any CPU = Debug|Any CPU
		Release|Any CPU = Release|Any CPU
	EndGlobalSection
	GlobalSection(ProjectConfigurationPlatforms) = postSolution
		{C4C6268D-338B-44F4-85EA-B39907DF8829}.Debug|Any CPU.ActiveCfg = Debug|Any CPU
		{C4C6268D-338B-44F4-85EA-B39907DF8829}.Debug|Any CPU.Build.0 = Debug|Any CPU
		{C4C6268D-338B-44F4-85EA-B39907DF8829}.Release|Any CPU.ActiveCfg = Release|Any CPU
		{C4C6268D-338B-44F4-85EA-B39907DF8829}.Release|Any CPU.Build.0 = Release|Any CPU
	EndGlobalSection
	GlobalSection(SolutionProperties) = preSolution
		HideSolutionNode = FALSE
	EndGlobalSection
	GlobalSection(ExtensibilityGlobals) = postSolution
		SolutionGuid = {BC550492-6813-40A2-928E-DA8E30CE3DE2}
	EndGlobalSection
EndGlobal
