
Microsoft Visual Studio Solution File, Format Version 12.00
# Visual Studio Version 16
VisualStudioVersion = 16.0.29009.5
MinimumVisualStudioVersion = 10.0.40219.1
Project("{FAE04EC0-301F-11D3-BF4B-00C04F79EFBC}") = "IsPrime", "IsPrime\IsPrime.csproj", "{EAD68735-D268-432D-9A9D-3FF43C9501EE}"
EndProject
Global
	GlobalSection(SolutionConfigurationPlatforms) = preSolution
		Debug|Any CPU = Debug|Any CPU
		Release|Any CPU = Release|Any CPU
	EndGlobalSection
	GlobalSection(ProjectConfigurationPlatforms) = postSolution
		{EAD68735-D268-432D-9A9D-3FF43C9501EE}.Debug|Any CPU.ActiveCfg = Debug|Any CPU
		{EAD68735-D268-432D-9A9D-3FF43C9501EE}.Debug|Any CPU.Build.0 = Debug|Any CPU
		{EAD68735-D268-432D-9A9D-3FF43C9501EE}.Release|Any CPU.ActiveCfg = Release|Any CPU
		{EAD68735-D268-432D-9A9D-3FF43C9501EE}.Release|Any CPU.Build.0 = Release|Any CPU
	EndGlobalSection
	GlobalSection(SolutionProperties) = preSolution
		HideSolutionNode = FALSE
	EndGlobalSection
	GlobalSection(ExtensibilityGlobals) = postSolution
		SolutionGuid = {A3D14D79-1B7D-4287-B0D7-E0DE65132A9D}
	EndGlobalSection
EndGlobal
