
Microsoft Visual Studio Solution File, Format Version 12.00
# Visual Studio Version 16
VisualStudioVersion = 16.0.29009.5
MinimumVisualStudioVersion = 10.0.40219.1
Project("{FAE04EC0-301F-11D3-BF4B-00C04F79EFBC}") = "DecToBin", "DecToBin\DecToBin.csproj", "{CAD0444E-F649-4DE7-A8FF-614EB996D49E}"
EndProject
Global
	GlobalSection(SolutionConfigurationPlatforms) = preSolution
		Debug|Any CPU = Debug|Any CPU
		Release|Any CPU = Release|Any CPU
	EndGlobalSection
	GlobalSection(ProjectConfigurationPlatforms) = postSolution
		{CAD0444E-F649-4DE7-A8FF-614EB996D49E}.Debug|Any CPU.ActiveCfg = Debug|Any CPU
		{CAD0444E-F649-4DE7-A8FF-614EB996D49E}.Debug|Any CPU.Build.0 = Debug|Any CPU
		{CAD0444E-F649-4DE7-A8FF-614EB996D49E}.Release|Any CPU.ActiveCfg = Release|Any CPU
		{CAD0444E-F649-4DE7-A8FF-614EB996D49E}.Release|Any CPU.Build.0 = Release|Any CPU
	EndGlobalSection
	GlobalSection(SolutionProperties) = preSolution
		HideSolutionNode = FALSE
	EndGlobalSection
	GlobalSection(ExtensibilityGlobals) = postSolution
		SolutionGuid = {09FE7A91-0C33-4BF0-8329-F11F16ED0FC3}
	EndGlobalSection
EndGlobal
