
Microsoft Visual Studio Solution File, Format Version 12.00
# Visual Studio Version 16
VisualStudioVersion = 16.0.29209.62
MinimumVisualStudioVersion = 10.0.40219.1
Project("{FAE04EC0-301F-11D3-BF4B-00C04F79EFBC}") = "Prime1To1441", "Prime1To1441\Prime1To1441.csproj", "{30DA1F71-CF44-4D53-8AB6-44F9E5F8D7BB}"
EndProject
Global
	GlobalSection(SolutionConfigurationPlatforms) = preSolution
		Debug|Any CPU = Debug|Any CPU
		Release|Any CPU = Release|Any CPU
	EndGlobalSection
	GlobalSection(ProjectConfigurationPlatforms) = postSolution
		{30DA1F71-CF44-4D53-8AB6-44F9E5F8D7BB}.Debug|Any CPU.ActiveCfg = Debug|Any CPU
		{30DA1F71-CF44-4D53-8AB6-44F9E5F8D7BB}.Debug|Any CPU.Build.0 = Debug|Any CPU
		{30DA1F71-CF44-4D53-8AB6-44F9E5F8D7BB}.Release|Any CPU.ActiveCfg = Release|Any CPU
		{30DA1F71-CF44-4D53-8AB6-44F9E5F8D7BB}.Release|Any CPU.Build.0 = Release|Any CPU
	EndGlobalSection
	GlobalSection(SolutionProperties) = preSolution
		HideSolutionNode = FALSE
	EndGlobalSection
	GlobalSection(ExtensibilityGlobals) = postSolution
		SolutionGuid = {152E4C9F-8381-452F-A0B5-D094289B03CA}
	EndGlobalSection
EndGlobal
